// !$*UTF8*$!
{
	archiveVersion = 1;
	classes = {
	};
	objectVersion = 48;
	objects = {

/* Begin PBXBuildFile section */
		329AA3191FF3353B00B91278 /* AppDelegate.swift in Sources */ = {isa = PBXBuildFile; fileRef = 329AA3181FF3353B00B91278 /* AppDelegate.swift */; };
		329AA31B1FF3353B00B91278 /* ViewController.swift in Sources */ = {isa = PBXBuildFile; fileRef = 329AA31A1FF3353B00B91278 /* ViewController.swift */; };
		329AA31E1FF3353B00B91278 /* Main.storyboard in Resources */ = {isa = PBXBuildFile; fileRef = 329AA31C1FF3353B00B91278 /* Main.storyboard */; };
		329AA3201FF3353B00B91278 /* Assets.xcassets in Resources */ = {isa = PBXBuildFile; fileRef = 329AA31F1FF3353B00B91278 /* Assets.xcassets */; };
		329AA3231FF3353B00B91278 /* LaunchScreen.storyboard in Resources */ = {isa = PBXBuildFile; fileRef = 329AA3211FF3353B00B91278 /* LaunchScreen.storyboard */; };
/* End PBXBuildFile section */

/* Begin PBXFileReference section */
		329AA3151FF3353B00B91278 /* CalcBrain.app */ = {isa = PBXFileReference; explicitFileType = wrapper.application; includeInIndex = 0; path = CalcBrain.app; sourceTree = BUILT_PRODUCTS_DIR; };
		329AA3181FF3353B00B91278 /* AppDelegate.swift */ = {isa = PBXFileReference; lastKnownFileType = sourcecode.swift; path = AppDelegate.swift; sourceTree = "<group>"; };
		329AA31A1FF3353B00B91278 /* ViewController.swift */ = {isa = PBXFileReference; lastKnownFileType = sourcecode.swift; path = ViewController.swift; sourceTree = "<group>"; };
		329AA31D1FF3353B00B91278 /* Base */ = {isa = PBXFileReference; lastKnownFileType = file.storyboard; name = Base; path = Base.lproj/Main.storyboard; sourceTree = "<group>"; };
		329AA31F1FF3353B00B91278 /* Assets.xcassets */ = {isa = PBXFileReference; lastKnownFileType = folder.assetcatalog; path = Assets.xcassets; sourceTree = "<group>"; };
		329AA3221FF3353B00B91278 /* Base */ = {isa = PBXFileReference; lastKnownFileType = file.storyboard; name = Base; path = Base.lproj/LaunchScreen.storyboard; sourceTree = "<group>"; };
		329AA3241FF3353B00B91278 /* Info.plist */ = {isa = PBXFileReference; lastKnownFileType = text.plist.xml; path = Info.plist; sourceTree = "<group>"; };
/* End PBXFileReference section */

/* Begin PBXFrameworksBuildPhase section */
		329AA3121FF3353B00B91278 /* Frameworks */ = {
			isa = PBXFrameworksBuildPhase;
			buildActionMask = 2147483647;
			files = (
			);
			runOnlyForDeploymentPostprocessing = 0;
		};
/* End PBXFrameworksBuildPhase section */

/* Begin PBXGroup section */
		329AA30C1FF3353B00B91278 = {
			isa = PBXGroup;
			children = (
				329AA3171FF3353B00B91278 /* CalcBrain */,
				329AA3161FF3353B00B91278 /* Products */,
			);
			sourceTree = "<group>";
		};
		329AA3161FF3353B00B91278 /* Products */ = {
			isa = PBXGroup;
			children = (
				329AA3151FF3353B00B91278 /* CalcBrain.app */,
			);
			name = Products;
			sourceTree = "<group>";
		};
		329AA3171FF3353B00B91278 /* CalcBrain */ = {
			isa = PBXGroup;
			children = (
				329AA3181FF3353B00B91278 /* AppDelegate.swift */,
				329AA31A1FF3353B00B91278 /* ViewController.swift */,
				329AA31C1FF3353B00B91278 /* Main.storyboard */,
				329AA31F1FF3353B00B91278 /* Assets.xcassets */,
				329AA3211FF3353B00B91278 /* LaunchScreen.storyboard */,
				329AA3241FF3353B00B91278 /* Info.plist */,
			);
			path = CalcBrain;
			sourceTree = "<group>";
		};
/* End PBXGroup section */

/* Begin PBXNativeTarget section */
		329AA3141FF3353B00B91278 /* CalcBrain */ = {
			isa = PBXNativeTarget;
			buildConfigurationList = 329AA3271FF3353B00B91278 /* Build configuration list for PBXNativeTarget "CalcBrain" */;
			buildPhases = (
				329AA3111FF3353B00B91278 /* Sources */,
				329AA3121FF3353B00B91278 /* Frameworks */,
				329AA3131FF3353B00B91278 /* Resources */,
			);
			buildRules = (
			);
			dependencies = (
			);
			name = CalcBrain;
			productName = CalcBrain;
			productReference = 329AA3151FF3353B00B91278 /* CalcBrain.app */;
			productType = "com.apple.product-type.application";
		};
/* End PBXNativeTarget section */

/* Begin PBXProject section */
		329AA30D1FF3353B00B91278 /* Project object */ = {
			isa = PBXProject;
			attributes = {
				LastSwiftUpdateCheck = 0920;
				LastUpgradeCheck = 0920;
				ORGANIZATIONNAME = doozen;
				TargetAttributes = {
					329AA3141FF3353B00B91278 = {
						CreatedOnToolsVersion = 9.2;
						ProvisioningStyle = Automatic;
					};
				};
			};
			buildConfigurationList = 329AA3101FF3353B00B91278 /* Build configuration list for PBXProject "CalcBrain" */;
			compatibilityVersion = "Xcode 8.0";
			developmentRegion = en;
			hasScannedForEncodings = 0;
			knownRegions = (
				en,
				Base,
			);
			mainGroup = 329AA30C1FF3353B00B91278;
			productRefGroup = 329AA3161FF3353B00B91278 /* Products */;
			projectDirPath = "";
			projectRoot = "";
			targets = (
				329AA3141FF3353B00B91278 /* CalcBrain */,
			);
		};
/* End PBXProject section */

/* Begin PBXResourcesBuildPhase section */
		329AA3131FF3353B00B91278 /* Resources */ = {
			isa = PBXResourcesBuildPhase;
			buildActionMask = 2147483647;
			files = (
				329AA3231FF3353B00B91278 /* LaunchScreen.storyboard in Resources */,
				329AA3201FF3353B00B91278 /* Assets.xcassets in Resources */,
				329AA31E1FF3353B00B91278 /* Main.storyboard in Resources */,
			);
			runOnlyForDeploymentPostprocessing = 0;
		};
/* End PBXResourcesBuildPhase section */

/* Begin PBXSourcesBuildPhase section */
		329AA3111FF3353B00B91278 /* Sources */ = {
			isa = PBXSourcesBuildPhase;
			buildActionMask = 2147483647;
			files = (
				329AA31B1FF3353B00B91278 /* ViewController.swift in Sources */,
				329AA3191FF3353B00B91278 /* AppDelegate.swift in Sources */,
			);
			runOnlyForDeploymentPostprocessing = 0;
		};
/* End PBXSourcesBuildPhase section */

/* Begin PBXVariantGroup section */
		329AA31C1FF3353B00B91278 /* Main.storyboard */ = {
			isa = PBXVariantGroup;
			children = (
				329AA31D1FF3353B00B91278 /* Base */,
			);
			name = Main.storyboard;
			sourceTree = "<group>";
		};
		329AA3211FF3353B00B91278 /* LaunchScreen.storyboard */ = {
			isa = PBXVariantGroup;
			children = (
				329AA3221FF3353B00B91278 /* Base */,
			);
			name = LaunchScreen.storyboard;
			sourceTree = "<group>";
		};
/* End PBXVariantGroup section */

/* Begin XCBuildConfiguration section */
		329AA3251FF3353B00B91278 /* Debug */ = {
			isa = XCBuildConfiguration;
			buildSettings = {
				ALWAYS_SEARCH_USER_PATHS = NO;
				CLANG_ANALYZER_NONNULL = YES;
				CLANG_ANALYZER_NUMBER_OBJECT_CONVERSION = YES_AGGRESSIVE;
				CLANG_CXX_LANGUAGE_STANDARD = "gnu++14";
				CLANG_CXX_LIBRARY = "libc++";
				CLANG_ENABLE_MODULES = YES;
				CLANG_ENABLE_OBJC_ARC = YES;
				CLANG_WARN_BLOCK_CAPTURE_AUTORELEASING = YES;
				CLANG_WARN_BOOL_CONVERSION = YES;
				CLANG_WARN_COMMA = YES;
				CLANG_WARN_CONSTANT_CONVERSION = YES;
				CLANG_WARN_DIRECT_OBJC_ISA_USAGE = YES_ERROR;
				CLANG_WARN_DOCUMENTATION_COMMENTS = YES;
				CLANG_WARN_EMPTY_BODY = YES;
				CLANG_WARN_ENUM_CONVERSION = YES;
				CLANG_WARN_INFINITE_RECURSION = YES;
				CLANG_WARN_INT_CONVERSION = YES;
				CLANG_WARN_NON_LITERAL_NULL_CONVERSION = YES;
				CLANG_WARN_OBJC_LITERAL_CONVERSION = YES;
				CLANG_WARN_OBJC_ROOT_CLASS = YES_ERROR;
				CLANG_WARN_RANGE_LOOP_ANALYSIS = YES;
				CLANG_WARN_STRICT_PROTOTYPES = YES;
				CLANG_WARN_SUSPICIOUS_MOVE = YES;
				CLANG_WARN_UNGUARDED_AVAILABILITY = YES_AGGRESSIVE;
				CLANG_WARN_UNREACHABLE_CODE = YES;
				CLANG_WARN__DUPLICATE_METHOD_MATCH = YES;
				CODE_SIGN_IDENTITY = "iPhone Developer";
				COPY_PHASE_STRIP = NO;
				DEBUG_INFORMATION_FORMAT = dwarf;
				ENABLE_STRICT_OBJC_MSGSEND = YES;
				ENABLE_TESTABILITY = YES;
				GCC_C_LANGUAGE_STANDARD = gnu11;
				GCC_DYNAMIC_NO_PIC = NO;
				GCC_NO_COMMON_BLOCKS = YES;
				GCC_OPTIMIZATION_LEVEL = 0;
				GCC_PREPROCESSOR_DEFINITIONS = (
					"DEBUG=1",
					"$(inherited)",
				);
				GCC_WARN_64_TO_32_BIT_CONVERSION = YES;
				GCC_WARN_ABOUT_RETURN_TYPE = YES_ERROR;
				GCC_WARN_UNDECLARED_SELECTOR = YES;
				GCC_WARN_UNINITIALIZED_AUTOS = YES_AGGRESSIVE;
				GCC_WARN_UNUSED_FUNCTION = YES;
				GCC_WARN_UNUSED_VARIABLE = YES;
				IPHONEOS_DEPLOYMENT_TARGET = 11.2;
				MTL_ENABLE_DEBUG_INFO = YES;
				ONLY_ACTIVE_ARCH = YES;
				SDKROOT = iphoneos;
				SWIFT_ACTIVE_COMPILATION_CONDITIONS = DEBUG;
				SWIFT_OPTIMIZATION_LEVEL = "-Onone";
			};
			name = Debug;
		};
		329AA3261FF3353B00B91278 /* Release */ = {
			isa = XCBuildConfiguration;
			buildSettings = {
				ALWAYS_SEARCH_USER_PATHS = NO;
				CLANG_ANALYZER_NONNULL = YES;
				CLANG_ANALYZER_NUMBER_OBJECT_CONVERSION = YES_AGGRESSIVE;
				CLANG_CXX_LANGUAGE_STANDARD = "gnu++14";
				CLANG_CXX_LIBRARY = "libc++";
				CLANG_ENABLE_MODULES = YES;
				CLANG_ENABLE_OBJC_ARC = YES;
				CLANG_WARN_BLOCK_CAPTURE_AUTORELEASING = YES;
				CLANG_WARN_BOOL_CONVERSION = YES;
				CLANG_WARN_COMMA = YES;
				CLANG_WARN_CONSTANT_CONVERSION = YES;
				CLANG_WARN_DIRECT_OBJC_ISA_USAGE = YES_ERROR;
				CLANG_WARN_DOCUMENTATION_COMMENTS = YES;
				CLANG_WARN_EMPTY_BODY = YES;
				CLANG_WARN_ENUM_CONVERSION = YES;
				CLANG_WARN_INFINITE_RECURSION = YES;
				CLANG_WARN_INT_CONVERSION = YES;
				CLANG_WARN_NON_LITERAL_NULL_CONVERSION = YES;
				CLANG_WARN_OBJC_LITERAL_CONVERSION = YES;
				CLANG_WARN_OBJC_ROOT_CLASS = YES_ERROR;
				CLANG_WARN_RANGE_LOOP_ANALYSIS = YES;
				CLANG_WARN_STRICT_PROTOTYPES = YES;
				CLANG_WARN_SUSPICIOUS_MOVE = YES;
				CLANG_WARN_UNGUARDED_AVAILABILITY = YES_AGGRESSIVE;
				CLANG_WARN_UNREACHABLE_CODE = YES;
				CLANG_WARN__DUPLICATE_METHOD_MATCH = YES;
				CODE_SIGN_IDENTITY = "iPhone Developer";
				COPY_PHASE_STRIP = NO;
				DEBUG_INFORMATION_FORMAT = "dwarf-with-dsym";
				ENABLE_NS_ASSERTIONS = NO;
				ENABLE_STRICT_OBJC_MSGSEND = YES;
				GCC_C_LANGUAGE_STANDARD = gnu11;
				GCC_NO_COMMON_BLOCKS = YES;
				GCC_WARN_64_TO_32_BIT_CONVERSION = YES;
				GCC_WARN_ABOUT_RETURN_TYPE = YES_ERROR;
				GCC_WARN_UNDECLARED_SELECTOR = YES;
				GCC_WARN_UNINITIALIZED_AUTOS = YES_AGGRESSIVE;
				GCC_WARN_UNUSED_FUNCTION = YES;
				GCC_WARN_UNUSED_VARIABLE = YES;
				IPHONEOS_DEPLOYMENT_TARGET = 11.2;
				MTL_ENABLE_DEBUG_INFO = NO;
				SDKROOT = iphoneos;
				SWIFT_OPTIMIZATION_LEVEL = "-Owholemodule";
				VALIDATE_PRODUCT = YES;
			};
			name = Release;
		};
		329AA3281FF3353B00B91278 /* Debug */ = {
			isa = XCBuildConfiguration;
			buildSettings = {
				ASSETCATALOG_COMPILER_APPICON_NAME = AppIcon;
				CODE_SIGN_STYLE = Automatic;
				DEVELOPMENT_TEAM = X544Q2P58Z;
				INFOPLIST_FILE = CalcBrain/Info.plist;
				IPHONEOS_DEPLOYMENT_TARGET = 9.0;
				LD_RUNPATH_SEARCH_PATHS = "$(inherited) @executable_path/Frameworks";
				PRODUCT_BUNDLE_IDENTIFIER = com.doozen.CalcBrain;
				PRODUCT_NAME = "$(TARGET_NAME)";
				SWIFT_VERSION = 4.0;
				TARGETED_DEVICE_FAMILY = 1;
			};
			name = Debug;
		};
		329AA3291FF3353B00B91278 /* Release */ = {
			isa = XCBuildConfiguration;
			buildSettings = {
				ASSETCATALOG_COMPILER_APPICON_NAME = AppIcon;
				CODE_SIGN_STYLE = Automatic;
				DEVELOPMENT_TEAM = X544Q2P58Z;
				INFOPLIST_FILE = CalcBrain/Info.plist;
				IPHONEOS_DEPLOYMENT_TARGET = 9.0;
				LD_RUNPATH_SEARCH_PATHS = "$(inherited) @executable_path/Frameworks";
				PRODUCT_BUNDLE_IDENTIFIER = com.doozen.CalcBrain;
				PRODUCT_NAME = "$(TARGET_NAME)";
				SWIFT_VERSION = 4.0;
				TARGETED_DEVICE_FAMILY = 1;
			};
			name = Release;
		};
/* End XCBuildConfiguration section */

/* Begin XCConfigurationList section */
		329AA3101FF3353B00B91278 /* Build configuration list for PBXProject "CalcBrain" */ = {
			isa = XCConfigurationList;
			buildConfigurations = (
				329AA3251FF3353B00B91278 /* Debug */,
				329AA3261FF3353B00B91278 /* Release */,
			);
			defaultConfigurationIsVisible = 0;
			defaultConfigurationName = Release;
		};
		329AA3271FF3353B00B91278 /* Build configuration list for PBXNativeTarget "CalcBrain" */ = {
			isa = XCConfigurationList;
			buildConfigurations = (
				329AA3281FF3353B00B91278 /* Debug */,
				329AA3291FF3353B00B91278 /* Release */,
			);
			defaultConfigurationIsVisible = 0;
			defaultConfigurationName = Release;
		};
/* End XCConfigurationList section */
	};
	rootObject = 329AA30D1FF3353B00B91278 /* Project object */;
}
